
Microsoft Visual Studio Solution File, Format Version 12.00
# Visual Studio Version 17
VisualStudioVersion = 17.12.35521.163
MinimumVisualStudioVersion = 10.0.40219.1
Project("{2150E333-8FDC-42A3-9474-1A3956D46DE8}") = "src", "src", "{8153F02A-A9FC-4460-BCD9-CBBB55274EF5}"
	ProjectSection(SolutionItems) = preProject
		src\.env = src\.env
	EndProjectSection
EndProject
Project("{2150E333-8FDC-42A3-9474-1A3956D46DE8}") = "Services", "Services", "{36902CEB-BEDA-490B-962F-20432EA876EA}"
EndProject
Project("{2150E333-8FDC-42A3-9474-1A3956D46DE8}") = "BuildingBlocks", "BuildingBlocks", "{1CFDD8EB-C45C-4875-943E-391519A03330}"
EndProject
Project("{FAE04EC0-301F-11D3-BF4B-00C04F79EFBC}") = "BuildingBlocks", "src\BuildingBlocks\BuildingBlocks\BuildingBlocks.csproj", "{AE9463C5-CEC5-4C28-96B7-EC94B9861516}"
EndProject
Project("{FAE04EC0-301F-11D3-BF4B-00C04F79EFBC}") = "Catalog.Api", "src\Services\Catalog\Catalog.Api\Catalog.Api.csproj", "{8C84DD70-A61D-4486-AC76-A7FEB031D8F4}"
EndProject
Project("{2150E333-8FDC-42A3-9474-1A3956D46DE8}") = "Catalog", "Catalog", "{E0D656D6-CBC1-4C31-ADD6-B1427BEDD74A}"
EndProject
Project("{E53339B2-1760-4266-BCC7-CA923CBCF16C}") = "docker-compose", "src\docker-compose.dcproj", "{0CA17940-FD50-4759-BEE5-58E07FCDAA64}"
EndProject
Project("{2150E333-8FDC-42A3-9474-1A3956D46DE8}") = "Basket", "Basket", "{DB0B1007-B718-460E-94FE-5603DDA1F0B1}"
EndProject
Project("{FAE04EC0-301F-11D3-BF4B-00C04F79EFBC}") = "Basket.Api", "src\Services\Basket\Basket.Api\Basket.Api.csproj", "{509AEBC6-F45B-47A0-A89F-1C58CFEC5F61}"
EndProject
Project("{2150E333-8FDC-42A3-9474-1A3956D46DE8}") = "Discount", "Discount", "{B991AE93-A54B-40A3-A997-BCDC9B3BDEF8}"
EndProject
Project("{FAE04EC0-301F-11D3-BF4B-00C04F79EFBC}") = "Discount.Grpc", "src\Services\Discount\Discount.Grpc\Discount.Grpc.csproj", "{51013CB5-DF45-444A-A8C6-183DF51FBD82}"
EndProject
Project("{2150E333-8FDC-42A3-9474-1A3956D46DE8}") = "Ordering", "Ordering", "{BE2F7DAA-5B98-48F2-9679-42AD61B7846F}"
EndProject
Project("{FAE04EC0-301F-11D3-BF4B-00C04F79EFBC}") = "Ordering.Infrastructure", "src\Services\Ordering\Ordering.Infrastructure\Ordering.Infrastructure.csproj", "{C95DBFC6-240D-4323-B958-B2220F51914D}"
EndProject
Project("{FAE04EC0-301F-11D3-BF4B-00C04F79EFBC}") = "Ordering.Api", "src\Services\Ordering\Ordering.Api\Ordering.Api.csproj", "{0DB3BC82-A2CF-4F7C-95C6-359BE51CE2C1}"
EndProject
Project("{FAE04EC0-301F-11D3-BF4B-00C04F79EFBC}") = "Ordering.Domain", "src\Services\Ordering\Ordering.Domain\Ordering.Domain.csproj", "{2C0060BA-C720-4A1E-8E26-7657A6599C88}"
EndProject
Project("{FAE04EC0-301F-11D3-BF4B-00C04F79EFBC}") = "Ordering.Application", "src\Services\Ordering\Ordering.Application\Ordering.Application.csproj", "{4E9A1709-8DBF-498B-A09E-B1D19B4C002B}"
EndProject
Project("{2150E333-8FDC-42A3-9474-1A3956D46DE8}") = "SolutionItems", "SolutionItems", "{3CA51C22-22CF-4107-95C9-5F1ACAB594F0}"
	ProjectSection(SolutionItems) = preProject
		README.md = README.md
	EndProjectSection
EndProject
Global
	GlobalSection(SolutionConfigurationPlatforms) = preSolution
		Debug|Any CPU = Debug|Any CPU
		Release|Any CPU = Release|Any CPU
	EndGlobalSection
	GlobalSection(ProjectConfigurationPlatforms) = postSolution
		{AE9463C5-CEC5-4C28-96B7-EC94B9861516}.Debug|Any CPU.ActiveCfg = Debug|Any CPU
		{AE9463C5-CEC5-4C28-96B7-EC94B9861516}.Debug|Any CPU.Build.0 = Debug|Any CPU
		{AE9463C5-CEC5-4C28-96B7-EC94B9861516}.Release|Any CPU.ActiveCfg = Release|Any CPU
		{AE9463C5-CEC5-4C28-96B7-EC94B9861516}.Release|Any CPU.Build.0 = Release|Any CPU
		{8C84DD70-A61D-4486-AC76-A7FEB031D8F4}.Debug|Any CPU.ActiveCfg = Debug|Any CPU
		{8C84DD70-A61D-4486-AC76-A7FEB031D8F4}.Debug|Any CPU.Build.0 = Debug|Any CPU
		{8C84DD70-A61D-4486-AC76-A7FEB031D8F4}.Release|Any CPU.ActiveCfg = Release|Any CPU
		{8C84DD70-A61D-4486-AC76-A7FEB031D8F4}.Release|Any CPU.Build.0 = Release|Any CPU
		{0CA17940-FD50-4759-BEE5-58E07FCDAA64}.Debug|Any CPU.ActiveCfg = Debug|Any CPU
		{0CA17940-FD50-4759-BEE5-58E07FCDAA64}.Debug|Any CPU.Build.0 = Debug|Any CPU
		{0CA17940-FD50-4759-BEE5-58E07FCDAA64}.Release|Any CPU.ActiveCfg = Release|Any CPU
		{0CA17940-FD50-4759-BEE5-58E07FCDAA64}.Release|Any CPU.Build.0 = Release|Any CPU
		{509AEBC6-F45B-47A0-A89F-1C58CFEC5F61}.Debug|Any CPU.ActiveCfg = Debug|Any CPU
		{509AEBC6-F45B-47A0-A89F-1C58CFEC5F61}.Debug|Any CPU.Build.0 = Debug|Any CPU
		{509AEBC6-F45B-47A0-A89F-1C58CFEC5F61}.Release|Any CPU.ActiveCfg = Release|Any CPU
		{509AEBC6-F45B-47A0-A89F-1C58CFEC5F61}.Release|Any CPU.Build.0 = Release|Any CPU
		{51013CB5-DF45-444A-A8C6-183DF51FBD82}.Debug|Any CPU.ActiveCfg = Debug|Any CPU
		{51013CB5-DF45-444A-A8C6-183DF51FBD82}.Debug|Any CPU.Build.0 = Debug|Any CPU
		{51013CB5-DF45-444A-A8C6-183DF51FBD82}.Release|Any CPU.ActiveCfg = Release|Any CPU
		{51013CB5-DF45-444A-A8C6-183DF51FBD82}.Release|Any CPU.Build.0 = Release|Any CPU
		{C95DBFC6-240D-4323-B958-B2220F51914D}.Debug|Any CPU.ActiveCfg = Debug|Any CPU
		{C95DBFC6-240D-4323-B958-B2220F51914D}.Debug|Any CPU.Build.0 = Debug|Any CPU
		{C95DBFC6-240D-4323-B958-B2220F51914D}.Release|Any CPU.ActiveCfg = Release|Any CPU
		{C95DBFC6-240D-4323-B958-B2220F51914D}.Release|Any CPU.Build.0 = Release|Any CPU
		{0DB3BC82-A2CF-4F7C-95C6-359BE51CE2C1}.Debug|Any CPU.ActiveCfg = Debug|Any CPU
		{0DB3BC82-A2CF-4F7C-95C6-359BE51CE2C1}.Debug|Any CPU.Build.0 = Debug|Any CPU
		{0DB3BC82-A2CF-4F7C-95C6-359BE51CE2C1}.Release|Any CPU.ActiveCfg = Release|Any CPU
		{0DB3BC82-A2CF-4F7C-95C6-359BE51CE2C1}.Release|Any CPU.Build.0 = Release|Any CPU
		{2C0060BA-C720-4A1E-8E26-7657A6599C88}.Debug|Any CPU.ActiveCfg = Debug|Any CPU
		{2C0060BA-C720-4A1E-8E26-7657A6599C88}.Debug|Any CPU.Build.0 = Debug|Any CPU
		{2C0060BA-C720-4A1E-8E26-7657A6599C88}.Release|Any CPU.ActiveCfg = Release|Any CPU
		{2C0060BA-C720-4A1E-8E26-7657A6599C88}.Release|Any CPU.Build.0 = Release|Any CPU
		{4E9A1709-8DBF-498B-A09E-B1D19B4C002B}.Debug|Any CPU.ActiveCfg = Debug|Any CPU
		{4E9A1709-8DBF-498B-A09E-B1D19B4C002B}.Debug|Any CPU.Build.0 = Debug|Any CPU
		{4E9A1709-8DBF-498B-A09E-B1D19B4C002B}.Release|Any CPU.ActiveCfg = Release|Any CPU
		{4E9A1709-8DBF-498B-A09E-B1D19B4C002B}.Release|Any CPU.Build.0 = Release|Any CPU
	EndGlobalSection
	GlobalSection(SolutionProperties) = preSolution
		HideSolutionNode = FALSE
	EndGlobalSection
	GlobalSection(NestedProjects) = preSolution
		{36902CEB-BEDA-490B-962F-20432EA876EA} = {8153F02A-A9FC-4460-BCD9-CBBB55274EF5}
		{1CFDD8EB-C45C-4875-943E-391519A03330} = {8153F02A-A9FC-4460-BCD9-CBBB55274EF5}
		{AE9463C5-CEC5-4C28-96B7-EC94B9861516} = {1CFDD8EB-C45C-4875-943E-391519A03330}
		{8C84DD70-A61D-4486-AC76-A7FEB031D8F4} = {E0D656D6-CBC1-4C31-ADD6-B1427BEDD74A}
		{E0D656D6-CBC1-4C31-ADD6-B1427BEDD74A} = {36902CEB-BEDA-490B-962F-20432EA876EA}
		{DB0B1007-B718-460E-94FE-5603DDA1F0B1} = {36902CEB-BEDA-490B-962F-20432EA876EA}
		{509AEBC6-F45B-47A0-A89F-1C58CFEC5F61} = {DB0B1007-B718-460E-94FE-5603DDA1F0B1}
		{B991AE93-A54B-40A3-A997-BCDC9B3BDEF8} = {36902CEB-BEDA-490B-962F-20432EA876EA}
		{51013CB5-DF45-444A-A8C6-183DF51FBD82} = {B991AE93-A54B-40A3-A997-BCDC9B3BDEF8}
		{BE2F7DAA-5B98-48F2-9679-42AD61B7846F} = {36902CEB-BEDA-490B-962F-20432EA876EA}
		{C95DBFC6-240D-4323-B958-B2220F51914D} = {BE2F7DAA-5B98-48F2-9679-42AD61B7846F}
		{0DB3BC82-A2CF-4F7C-95C6-359BE51CE2C1} = {BE2F7DAA-5B98-48F2-9679-42AD61B7846F}
		{2C0060BA-C720-4A1E-8E26-7657A6599C88} = {BE2F7DAA-5B98-48F2-9679-42AD61B7846F}
		{4E9A1709-8DBF-498B-A09E-B1D19B4C002B} = {BE2F7DAA-5B98-48F2-9679-42AD61B7846F}
	EndGlobalSection
EndGlobal
